
Microsoft Visual Studio Solution File, Format Version 12.00
# Visual Studio Version 16
VisualStudioVersion = 16.0.30114.105
MinimumVisualStudioVersion = 10.0.40219.1
Project("{FAE04EC0-301F-11D3-BF4B-00C04F79EFBC}") = "practic", "practic\practic.csproj", "{948491DE-EA9B-4C5A-9210-7B39C7EAD5EE}"
EndProject
Global
	GlobalSection(SolutionConfigurationPlatforms) = preSolution
		Debug|Any CPU = Debug|Any CPU
		Release|Any CPU = Release|Any CPU
	EndGlobalSection
	GlobalSection(ProjectConfigurationPlatforms) = postSolution
		{948491DE-EA9B-4C5A-9210-7B39C7EAD5EE}.Debug|Any CPU.ActiveCfg = Debug|Any CPU
		{948491DE-EA9B-4C5A-9210-7B39C7EAD5EE}.Debug|Any CPU.Build.0 = Debug|Any CPU
		{948491DE-EA9B-4C5A-9210-7B39C7EAD5EE}.Release|Any CPU.ActiveCfg = Release|Any CPU
		{948491DE-EA9B-4C5A-9210-7B39C7EAD5EE}.Release|Any CPU.Build.0 = Release|Any CPU
	EndGlobalSection
	GlobalSection(SolutionProperties) = preSolution
		HideSolutionNode = FALSE
	EndGlobalSection
	GlobalSection(ExtensibilityGlobals) = postSolution
		SolutionGuid = {EE94E5F9-C6DE-432F-B94C-C9FAE72C8DFF}
	EndGlobalSection
EndGlobal
